
Microsoft Visual Studio Solution File, Format Version 12.00
# Visual Studio 15
VisualStudioVersion = 15.0.27004.2006
MinimumVisualStudioVersion = 10.0.40219.1
Project("{2150E333-8FDC-42A3-9474-1A3956D46DE8}") = ".CommonResources", ".CommonResources", "{78EDB72A-77B1-4A64-8E76-17E780993017}"
	ProjectSection(SolutionItems) = preProject
		CONTRIBUTING.md = CONTRIBUTING.md
		ISSUE_TEMPLATE.md = ISSUE_TEMPLATE.md
		NuGet.Config = NuGet.Config
		README.MD = README.MD
		REFERENCES.md = REFERENCES.md
		SUMMARY.md = SUMMARY.md
		TableOfContent.md = TableOfContent.md
	EndProjectSection
EndProject
Project("{FAE04EC0-301F-11D3-BF4B-00C04F79EFBC}") = "T4Definitions", "CommonResources\T4Definitions\T4Definitions.csproj", "{DDE02168-1EAD-41D9-B5E6-FB101F98AC24}"
EndProject
Project("{2150E333-8FDC-42A3-9474-1A3956D46DE8}") = "Configuration", "Configuration", "{2148B4AF-8B02-45C3-89E7-AEACAE448DDA}"
EndProject
Project("{2150E333-8FDC-42A3-9474-1A3956D46DE8}") = "Tests", "Tests", "{B58E5262-0DEA-4096-8409-7B118711D8DF}"
EndProject
Project("{9A19103F-16F7-4668-BE54-9A1E7A4F7556}") = "Configuration.DataBindings", "Configuration\DataBindings\Configuration.DataBindings.csproj", "{F8DB9567-C559-440C-BBCF-E02013F9AB94}"
EndProject
Project("{FAE04EC0-301F-11D3-BF4B-00C04F79EFBC}") = "Configuration.DataBindings.UnitTest", "Configuration\Tests\DataBindingsUnitTest\Configuration.DataBindings.UnitTest.csproj", "{71D956E4-1AE6-4EF8-BC18-A195A68AFAB5}"
EndProject
Project("{2150E333-8FDC-42A3-9474-1A3956D46DE8}") = "Common", "Common", "{6F7A6A18-FF7B-4D3B-8B1F-BD525E065174}"
EndProject
Project("{FAE04EC0-301F-11D3-BF4B-00C04F79EFBC}") = "Common.Infrastructure.UnitTest", "Common\Tests\InfrastructureUnitTest\Common.Infrastructure.UnitTest.csproj", "{C5F00673-1BDE-45A7-826B-C7E8F517398C}"
EndProject
Project("{9A19103F-16F7-4668-BE54-9A1E7A4F7556}") = "Common.Infrastructure", "Common\Infrastructure\Common.Infrastructure.csproj", "{8817A671-ABB8-463A-A8A3-DDCFE781A6B6}"
EndProject
Project("{FAE04EC0-301F-11D3-BF4B-00C04F79EFBC}") = "Configuration.Networking.Upgrade.UnitTest", "Configuration\Tests\NetworkingUpgradeUnitTest\Configuration.Networking.Upgrade.UnitTest.csproj", "{F2ED1AC0-2F78-4506-ADFD-0BC88A6C616D}"
EndProject
Project("{9A19103F-16F7-4668-BE54-9A1E7A4F7556}") = "Configuration.Networking.Upgrade", "Configuration\NetworkingUpgrade\Configuration.Networking.Upgrade.csproj", "{BEBE131A-C931-4C2C-9F9E-ED0D0B75DF26}"
EndProject
Project("{2150E333-8FDC-42A3-9474-1A3956D46DE8}") = "Networking", "Networking", "{F4178F51-3BFF-46DE-841D-C01D4ABA9B0C}"
	ProjectSection(SolutionItems) = preProject
		Networking\README.MD = Networking\README.MD
	EndProjectSection
EndProject
Project("{2150E333-8FDC-42A3-9474-1A3956D46DE8}") = "Tests", "Tests", "{19A61D68-0ECA-4093-AEE5-370BC3CE777C}"
EndProject
Project("{2150E333-8FDC-42A3-9474-1A3956D46DE8}") = "SemanticData", "SemanticData", "{AF01F501-9B19-4357-B8A7-4EFC782BF1AF}"
	ProjectSection(SolutionItems) = preProject
		SemanticData\README.MD = SemanticData\README.MD
		SemanticData\README.MessageCentricCommunication.md = SemanticData\README.MessageCentricCommunication.md
		SemanticData\Readme.SemanticDataDeplyment.MD = SemanticData\Readme.SemanticDataDeplyment.MD
	EndProjectSection
EndProject
Project("{9A19103F-16F7-4668-BE54-9A1E7A4F7556}") = "Configuration.Networking", "Configuration\Networking\Configuration.Networking.csproj", "{E28E0880-03AA-4D1B-A820-41B04E766019}"
EndProject
Project("{FAE04EC0-301F-11D3-BF4B-00C04F79EFBC}") = "Configuration.Networking.UnitTest", "Configuration\Tests\NetworkingUnitTest\Configuration.Networking.UnitTest.csproj", "{81DDD889-3223-4F24-8B65-DD5C57886994}"
EndProject
Project("{9A19103F-16F7-4668-BE54-9A1E7A4F7556}") = "Networking.SemanticData", "Networking\SemanticData\Networking.SemanticData.csproj", "{7F4DED4E-5933-4229-B9CC-51DA49678904}"
EndProject
Project("{FAE04EC0-301F-11D3-BF4B-00C04F79EFBC}") = "Networking.ReferenceApplication", "Networking\ReferenceApplication\Networking.ReferenceApplication.csproj", "{F0ACCB28-AE0D-4E19-94FA-7BE3044F1EEB}"
EndProject
Project("{FAE04EC0-301F-11D3-BF4B-00C04F79EFBC}") = "Networking.SemanticData.UnitTest", "Networking\Tests\SemanticDatalUnitTest\Networking.SemanticData.UnitTest.csproj", "{F7C29437-0923-449C-B4E9-36653A55C3E5}"
EndProject
Project("{FAE04EC0-301F-11D3-BF4B-00C04F79EFBC}") = "Networking.ReferenceApplication.UnitTest", "Networking\Tests\ReferenceApplicationUnitTest\Networking.ReferenceApplication.UnitTest.csproj", "{ED278519-D497-47AE-8EB1-5826904AF6B1}"
EndProject
Project("{F088123C-0E9E-452A-89E6-6BA2F21D5CAC}") = "UANetworkingArchitecture", "CommonResources\ModelingProject\UANetworkingArchitecture\UANetworkingArchitecture.modelproj", "{90E262B4-C902-468B-9FCA-0D694B0BBF76}"
EndProject
Project("{2150E333-8FDC-42A3-9474-1A3956D46DE8}") = "DataDiscovery", "DataDiscovery", "{069B930C-EF5B-4943-AA82-0F56C33CF3DD}"
	ProjectSection(SolutionItems) = preProject
		DataDiscovery\DomainModel.md = DataDiscovery\DomainModel.md
		DataDiscovery\Readme.md = DataDiscovery\Readme.md
	EndProjectSection
EndProject
Project("{9A19103F-16F7-4668-BE54-9A1E7A4F7556}") = "DataDiscovery.DiscoveryServices", "DataDiscovery\DiscoveryServices\DataDiscovery.DiscoveryServices.csproj", "{DD1A7EC2-FF25-4D35-9D0A-5BB626E61D17}"
EndProject
Project("{FAE04EC0-301F-11D3-BF4B-00C04F79EFBC}") = "DataDiscovery.DiscoveryServices.UnitTest", "DataDiscovery\Tests\DiscoveryServices.UnitTest\DataDiscovery.DiscoveryServices.UnitTest.csproj", "{591B6DB0-0D22-4E58-AA29-4EB10C0EAFFE}"
EndProject
Project("{9A19103F-16F7-4668-BE54-9A1E7A4F7556}") = "Networking.UDPMessageHandler", "Networking\UDPMessageHandler\Networking.UDPMessageHandler.csproj", "{D2EB89F9-321E-46E4-BA79-679138B82B23}"
EndProject
Project("{FAE04EC0-301F-11D3-BF4B-00C04F79EFBC}") = "Networking.UDPMessageHandler.UnitTest", "Networking\Tests\UDPMessageHandler.UnitTest\Networking.UDPMessageHandler.UnitTest.csproj", "{ECF931DE-F5F3-4752-AA1B-847F7ED414D1}"
EndProject
Project("{9A19103F-16F7-4668-BE54-9A1E7A4F7556}") = "SemanticData.InformationModelFactory", "SemanticData\InformationModelFactory\SemanticData.InformationModelFactory.csproj", "{6D20785D-0451-46A9-9AC2-EC66B7C0D18A}"
EndProject
Project("{9A19103F-16F7-4668-BE54-9A1E7A4F7556}") = "SemanticData.UANodeSetValidation", "SemanticData\UANodeSetValidation\SemanticData.UANodeSetValidation.csproj", "{352378A0-8B2E-4679-BB44-FD0BCC8467D9}"
EndProject
Project("{FAE04EC0-301F-11D3-BF4B-00C04F79EFBC}") = "SemanticData.AddressSpaceComplianceTestTool", "SemanticData\AddressSpaceComplianceTestTool\SemanticData.AddressSpaceComplianceTestTool.csproj", "{05DB9E60-B12B-4AA3-8A7C-514F87CFF464}"
EndProject
Project("{FAE04EC0-301F-11D3-BF4B-00C04F79EFBC}") = "SemanticData.AddressSpaceComplianceTestTool.UnitTests", "SemanticData\Tests\AddressSpaceComplianceTestToolUnitTests\SemanticData.AddressSpaceComplianceTestTool.UnitTests.csproj", "{37D26B63-74FE-45C6-9F61-251BDF69EDF7}"
EndProject
Project("{FAE04EC0-301F-11D3-BF4B-00C04F79EFBC}") = "SemanticData.DataSerialization.UnitTest", "SemanticData\Tests\DataSerializationUnitTestProject\SemanticData.DataSerialization.UnitTest.csproj", "{268DEFE0-D604-4888-BF69-57EBAE0FD7E7}"
EndProject
Project("{FAE04EC0-301F-11D3-BF4B-00C04F79EFBC}") = "SemanticData.UANodeSetValidation.UnitTest", "SemanticData\Tests\USNodeSetValidationUnitTestProject\SemanticData.UANodeSetValidation.UnitTest.csproj", "{2DC898B5-AFD9-47B2-A962-C4002C1AE8FF}"
EndProject
Project("{9A19103F-16F7-4668-BE54-9A1E7A4F7556}") = "Networking.Encoding", "Networking\Encoding\Networking.Encoding.csproj", "{2492AA3B-CF67-477A-B29E-14A1E348B939}"
EndProject
Project("{9A19103F-16F7-4668-BE54-9A1E7A4F7556}") = "Networking.SimulatorInteroperabilityTest", "Networking\SimulatorInteroperabilityTest\Networking.SimulatorInteroperabilityTest.csproj", "{5D2A0688-95E3-400A-B789-49052389D2B1}"
EndProject
Project("{9A19103F-16F7-4668-BE54-9A1E7A4F7556}") = "Networking.DataLogger", "Networking\DataLogger\Networking.DataLogger.csproj", "{B260F419-0164-4660-8605-74BCA992E9DE}"
EndProject
Project("{9A19103F-16F7-4668-BE54-9A1E7A4F7556}") = "Networking.ReferenceApplication.Core", "Networking\ReferenceApplication.Core\Networking.ReferenceApplication.Core.csproj", "{2238851E-4DB8-46B0-B38D-0E2315FE153E}"
EndProject
Project("{FAE04EC0-301F-11D3-BF4B-00C04F79EFBC}") = "Networking.DataLogger.UnitTest", "Networking\Tests\Networking.DataLogger.UnitTest\Networking.DataLogger.UnitTest.csproj", "{45BE72F2-3F5B-4D13-B931-0CA62F404D4C}"
EndProject
Project("{FAE04EC0-301F-11D3-BF4B-00C04F79EFBC}") = "Networking.SimulatorInteroperabilityTest.UnitTest", "Networking\Tests\Networking.SimulatorInteroperabilityTest.UnitTest\Networking.SimulatorInteroperabilityTest.UnitTest.csproj", "{3BF22621-2E78-4F60-B7C9-7C61D1F440BA}"
EndProject
Project("{9A19103F-16F7-4668-BE54-9A1E7A4F7556}") = "Configuration.Core", "Configuration\Core\Configuration.Core.csproj", "{0A2FB856-D50C-463D-8218-063A36942188}"
EndProject
Project("{FAE04EC0-301F-11D3-BF4B-00C04F79EFBC}") = "Networking.Simulator.Boiler", "Networking\Simulator.Boiler\Networking.Simulator.Boiler.csproj", "{3CE5CCA6-0EAD-49EF-AB69-D1F17A9C6D43}"
EndProject
Global
	GlobalSection(SolutionConfigurationPlatforms) = preSolution
		Debug|Any CPU = Debug|Any CPU
		Release|Any CPU = Release|Any CPU
	EndGlobalSection
	GlobalSection(ProjectConfigurationPlatforms) = postSolution
		{DDE02168-1EAD-41D9-B5E6-FB101F98AC24}.Debug|Any CPU.ActiveCfg = Debug|Any CPU
		{DDE02168-1EAD-41D9-B5E6-FB101F98AC24}.Debug|Any CPU.Build.0 = Debug|Any CPU
		{DDE02168-1EAD-41D9-B5E6-FB101F98AC24}.Release|Any CPU.ActiveCfg = Release|Any CPU
		{DDE02168-1EAD-41D9-B5E6-FB101F98AC24}.Release|Any CPU.Build.0 = Release|Any CPU
		{F8DB9567-C559-440C-BBCF-E02013F9AB94}.Debug|Any CPU.ActiveCfg = Debug|Any CPU
		{F8DB9567-C559-440C-BBCF-E02013F9AB94}.Debug|Any CPU.Build.0 = Debug|Any CPU
		{F8DB9567-C559-440C-BBCF-E02013F9AB94}.Release|Any CPU.ActiveCfg = Release|Any CPU
		{F8DB9567-C559-440C-BBCF-E02013F9AB94}.Release|Any CPU.Build.0 = Release|Any CPU
		{71D956E4-1AE6-4EF8-BC18-A195A68AFAB5}.Debug|Any CPU.ActiveCfg = Debug|Any CPU
		{71D956E4-1AE6-4EF8-BC18-A195A68AFAB5}.Debug|Any CPU.Build.0 = Debug|Any CPU
		{71D956E4-1AE6-4EF8-BC18-A195A68AFAB5}.Release|Any CPU.ActiveCfg = Release|Any CPU
		{71D956E4-1AE6-4EF8-BC18-A195A68AFAB5}.Release|Any CPU.Build.0 = Release|Any CPU
		{C5F00673-1BDE-45A7-826B-C7E8F517398C}.Debug|Any CPU.ActiveCfg = Debug|Any CPU
		{C5F00673-1BDE-45A7-826B-C7E8F517398C}.Debug|Any CPU.Build.0 = Debug|Any CPU
		{C5F00673-1BDE-45A7-826B-C7E8F517398C}.Release|Any CPU.ActiveCfg = Release|Any CPU
		{C5F00673-1BDE-45A7-826B-C7E8F517398C}.Release|Any CPU.Build.0 = Release|Any CPU
		{8817A671-ABB8-463A-A8A3-DDCFE781A6B6}.Debug|Any CPU.ActiveCfg = Debug|Any CPU
		{8817A671-ABB8-463A-A8A3-DDCFE781A6B6}.Debug|Any CPU.Build.0 = Debug|Any CPU
		{8817A671-ABB8-463A-A8A3-DDCFE781A6B6}.Release|Any CPU.ActiveCfg = Release|Any CPU
		{8817A671-ABB8-463A-A8A3-DDCFE781A6B6}.Release|Any CPU.Build.0 = Release|Any CPU
		{F2ED1AC0-2F78-4506-ADFD-0BC88A6C616D}.Debug|Any CPU.ActiveCfg = Debug|Any CPU
		{F2ED1AC0-2F78-4506-ADFD-0BC88A6C616D}.Debug|Any CPU.Build.0 = Debug|Any CPU
		{F2ED1AC0-2F78-4506-ADFD-0BC88A6C616D}.Release|Any CPU.ActiveCfg = Release|Any CPU
		{F2ED1AC0-2F78-4506-ADFD-0BC88A6C616D}.Release|Any CPU.Build.0 = Release|Any CPU
		{BEBE131A-C931-4C2C-9F9E-ED0D0B75DF26}.Debug|Any CPU.ActiveCfg = Debug|Any CPU
		{BEBE131A-C931-4C2C-9F9E-ED0D0B75DF26}.Debug|Any CPU.Build.0 = Debug|Any CPU
		{BEBE131A-C931-4C2C-9F9E-ED0D0B75DF26}.Release|Any CPU.ActiveCfg = Release|Any CPU
		{BEBE131A-C931-4C2C-9F9E-ED0D0B75DF26}.Release|Any CPU.Build.0 = Release|Any CPU
		{E28E0880-03AA-4D1B-A820-41B04E766019}.Debug|Any CPU.ActiveCfg = Debug|Any CPU
		{E28E0880-03AA-4D1B-A820-41B04E766019}.Debug|Any CPU.Build.0 = Debug|Any CPU
		{E28E0880-03AA-4D1B-A820-41B04E766019}.Release|Any CPU.ActiveCfg = Release|Any CPU
		{E28E0880-03AA-4D1B-A820-41B04E766019}.Release|Any CPU.Build.0 = Release|Any CPU
		{81DDD889-3223-4F24-8B65-DD5C57886994}.Debug|Any CPU.ActiveCfg = Debug|Any CPU
		{81DDD889-3223-4F24-8B65-DD5C57886994}.Debug|Any CPU.Build.0 = Debug|Any CPU
		{81DDD889-3223-4F24-8B65-DD5C57886994}.Release|Any CPU.ActiveCfg = Release|Any CPU
		{81DDD889-3223-4F24-8B65-DD5C57886994}.Release|Any CPU.Build.0 = Release|Any CPU
		{7F4DED4E-5933-4229-B9CC-51DA49678904}.Debug|Any CPU.ActiveCfg = Debug|Any CPU
		{7F4DED4E-5933-4229-B9CC-51DA49678904}.Debug|Any CPU.Build.0 = Debug|Any CPU
		{7F4DED4E-5933-4229-B9CC-51DA49678904}.Release|Any CPU.ActiveCfg = Release|Any CPU
		{7F4DED4E-5933-4229-B9CC-51DA49678904}.Release|Any CPU.Build.0 = Release|Any CPU
		{F0ACCB28-AE0D-4E19-94FA-7BE3044F1EEB}.Debug|Any CPU.ActiveCfg = Debug|Any CPU
		{F0ACCB28-AE0D-4E19-94FA-7BE3044F1EEB}.Debug|Any CPU.Build.0 = Debug|Any CPU
		{F0ACCB28-AE0D-4E19-94FA-7BE3044F1EEB}.Release|Any CPU.ActiveCfg = Release|Any CPU
		{F0ACCB28-AE0D-4E19-94FA-7BE3044F1EEB}.Release|Any CPU.Build.0 = Release|Any CPU
		{F7C29437-0923-449C-B4E9-36653A55C3E5}.Debug|Any CPU.ActiveCfg = Debug|Any CPU
		{F7C29437-0923-449C-B4E9-36653A55C3E5}.Debug|Any CPU.Build.0 = Debug|Any CPU
		{F7C29437-0923-449C-B4E9-36653A55C3E5}.Release|Any CPU.ActiveCfg = Release|Any CPU
		{F7C29437-0923-449C-B4E9-36653A55C3E5}.Release|Any CPU.Build.0 = Release|Any CPU
		{ED278519-D497-47AE-8EB1-5826904AF6B1}.Debug|Any CPU.ActiveCfg = Debug|Any CPU
		{ED278519-D497-47AE-8EB1-5826904AF6B1}.Debug|Any CPU.Build.0 = Debug|Any CPU
		{ED278519-D497-47AE-8EB1-5826904AF6B1}.Release|Any CPU.ActiveCfg = Release|Any CPU
		{ED278519-D497-47AE-8EB1-5826904AF6B1}.Release|Any CPU.Build.0 = Release|Any CPU
		{90E262B4-C902-468B-9FCA-0D694B0BBF76}.Debug|Any CPU.ActiveCfg = Debug|Any CPU
		{90E262B4-C902-468B-9FCA-0D694B0BBF76}.Debug|Any CPU.Build.0 = Debug|Any CPU
		{90E262B4-C902-468B-9FCA-0D694B0BBF76}.Release|Any CPU.ActiveCfg = Release|Any CPU
		{90E262B4-C902-468B-9FCA-0D694B0BBF76}.Release|Any CPU.Build.0 = Release|Any CPU
		{DD1A7EC2-FF25-4D35-9D0A-5BB626E61D17}.Debug|Any CPU.ActiveCfg = Debug|Any CPU
		{DD1A7EC2-FF25-4D35-9D0A-5BB626E61D17}.Debug|Any CPU.Build.0 = Debug|Any CPU
		{DD1A7EC2-FF25-4D35-9D0A-5BB626E61D17}.Release|Any CPU.ActiveCfg = Release|Any CPU
		{DD1A7EC2-FF25-4D35-9D0A-5BB626E61D17}.Release|Any CPU.Build.0 = Release|Any CPU
		{591B6DB0-0D22-4E58-AA29-4EB10C0EAFFE}.Debug|Any CPU.ActiveCfg = Debug|Any CPU
		{591B6DB0-0D22-4E58-AA29-4EB10C0EAFFE}.Debug|Any CPU.Build.0 = Debug|Any CPU
		{591B6DB0-0D22-4E58-AA29-4EB10C0EAFFE}.Release|Any CPU.ActiveCfg = Release|Any CPU
		{591B6DB0-0D22-4E58-AA29-4EB10C0EAFFE}.Release|Any CPU.Build.0 = Release|Any CPU
		{D2EB89F9-321E-46E4-BA79-679138B82B23}.Debug|Any CPU.ActiveCfg = Debug|Any CPU
		{D2EB89F9-321E-46E4-BA79-679138B82B23}.Debug|Any CPU.Build.0 = Debug|Any CPU
		{D2EB89F9-321E-46E4-BA79-679138B82B23}.Release|Any CPU.ActiveCfg = Release|Any CPU
		{D2EB89F9-321E-46E4-BA79-679138B82B23}.Release|Any CPU.Build.0 = Release|Any CPU
		{ECF931DE-F5F3-4752-AA1B-847F7ED414D1}.Debug|Any CPU.ActiveCfg = Debug|Any CPU
		{ECF931DE-F5F3-4752-AA1B-847F7ED414D1}.Debug|Any CPU.Build.0 = Debug|Any CPU
		{ECF931DE-F5F3-4752-AA1B-847F7ED414D1}.Release|Any CPU.ActiveCfg = Release|Any CPU
		{ECF931DE-F5F3-4752-AA1B-847F7ED414D1}.Release|Any CPU.Build.0 = Release|Any CPU
		{6D20785D-0451-46A9-9AC2-EC66B7C0D18A}.Debug|Any CPU.ActiveCfg = Debug|Any CPU
		{6D20785D-0451-46A9-9AC2-EC66B7C0D18A}.Debug|Any CPU.Build.0 = Debug|Any CPU
		{6D20785D-0451-46A9-9AC2-EC66B7C0D18A}.Release|Any CPU.ActiveCfg = Release|Any CPU
		{6D20785D-0451-46A9-9AC2-EC66B7C0D18A}.Release|Any CPU.Build.0 = Release|Any CPU
		{352378A0-8B2E-4679-BB44-FD0BCC8467D9}.Debug|Any CPU.ActiveCfg = Debug|Any CPU
		{352378A0-8B2E-4679-BB44-FD0BCC8467D9}.Debug|Any CPU.Build.0 = Debug|Any CPU
		{352378A0-8B2E-4679-BB44-FD0BCC8467D9}.Release|Any CPU.ActiveCfg = Release|Any CPU
		{352378A0-8B2E-4679-BB44-FD0BCC8467D9}.Release|Any CPU.Build.0 = Release|Any CPU
		{05DB9E60-B12B-4AA3-8A7C-514F87CFF464}.Debug|Any CPU.ActiveCfg = Debug|Any CPU
		{05DB9E60-B12B-4AA3-8A7C-514F87CFF464}.Debug|Any CPU.Build.0 = Debug|Any CPU
		{05DB9E60-B12B-4AA3-8A7C-514F87CFF464}.Release|Any CPU.ActiveCfg = Release|Any CPU
		{05DB9E60-B12B-4AA3-8A7C-514F87CFF464}.Release|Any CPU.Build.0 = Release|Any CPU
		{37D26B63-74FE-45C6-9F61-251BDF69EDF7}.Debug|Any CPU.ActiveCfg = Debug|Any CPU
		{37D26B63-74FE-45C6-9F61-251BDF69EDF7}.Debug|Any CPU.Build.0 = Debug|Any CPU
		{37D26B63-74FE-45C6-9F61-251BDF69EDF7}.Release|Any CPU.ActiveCfg = Release|Any CPU
		{37D26B63-74FE-45C6-9F61-251BDF69EDF7}.Release|Any CPU.Build.0 = Release|Any CPU
		{268DEFE0-D604-4888-BF69-57EBAE0FD7E7}.Debug|Any CPU.ActiveCfg = Debug|Any CPU
		{268DEFE0-D604-4888-BF69-57EBAE0FD7E7}.Debug|Any CPU.Build.0 = Debug|Any CPU
		{268DEFE0-D604-4888-BF69-57EBAE0FD7E7}.Release|Any CPU.ActiveCfg = Release|Any CPU
		{268DEFE0-D604-4888-BF69-57EBAE0FD7E7}.Release|Any CPU.Build.0 = Release|Any CPU
		{2DC898B5-AFD9-47B2-A962-C4002C1AE8FF}.Debug|Any CPU.ActiveCfg = Debug|Any CPU
		{2DC898B5-AFD9-47B2-A962-C4002C1AE8FF}.Debug|Any CPU.Build.0 = Debug|Any CPU
		{2DC898B5-AFD9-47B2-A962-C4002C1AE8FF}.Release|Any CPU.ActiveCfg = Release|Any CPU
		{2DC898B5-AFD9-47B2-A962-C4002C1AE8FF}.Release|Any CPU.Build.0 = Release|Any CPU
		{2492AA3B-CF67-477A-B29E-14A1E348B939}.Debug|Any CPU.ActiveCfg = Debug|Any CPU
		{2492AA3B-CF67-477A-B29E-14A1E348B939}.Debug|Any CPU.Build.0 = Debug|Any CPU
		{2492AA3B-CF67-477A-B29E-14A1E348B939}.Release|Any CPU.ActiveCfg = Release|Any CPU
		{2492AA3B-CF67-477A-B29E-14A1E348B939}.Release|Any CPU.Build.0 = Release|Any CPU
		{5D2A0688-95E3-400A-B789-49052389D2B1}.Debug|Any CPU.ActiveCfg = Debug|Any CPU
		{5D2A0688-95E3-400A-B789-49052389D2B1}.Debug|Any CPU.Build.0 = Debug|Any CPU
		{5D2A0688-95E3-400A-B789-49052389D2B1}.Release|Any CPU.ActiveCfg = Release|Any CPU
		{5D2A0688-95E3-400A-B789-49052389D2B1}.Release|Any CPU.Build.0 = Release|Any CPU
		{B260F419-0164-4660-8605-74BCA992E9DE}.Debug|Any CPU.ActiveCfg = Debug|Any CPU
		{B260F419-0164-4660-8605-74BCA992E9DE}.Debug|Any CPU.Build.0 = Debug|Any CPU
		{B260F419-0164-4660-8605-74BCA992E9DE}.Release|Any CPU.ActiveCfg = Release|Any CPU
		{B260F419-0164-4660-8605-74BCA992E9DE}.Release|Any CPU.Build.0 = Release|Any CPU
		{2238851E-4DB8-46B0-B38D-0E2315FE153E}.Debug|Any CPU.ActiveCfg = Debug|Any CPU
		{2238851E-4DB8-46B0-B38D-0E2315FE153E}.Debug|Any CPU.Build.0 = Debug|Any CPU
		{2238851E-4DB8-46B0-B38D-0E2315FE153E}.Release|Any CPU.ActiveCfg = Release|Any CPU
		{2238851E-4DB8-46B0-B38D-0E2315FE153E}.Release|Any CPU.Build.0 = Release|Any CPU
		{45BE72F2-3F5B-4D13-B931-0CA62F404D4C}.Debug|Any CPU.ActiveCfg = Debug|Any CPU
		{45BE72F2-3F5B-4D13-B931-0CA62F404D4C}.Debug|Any CPU.Build.0 = Debug|Any CPU
		{45BE72F2-3F5B-4D13-B931-0CA62F404D4C}.Release|Any CPU.ActiveCfg = Release|Any CPU
		{45BE72F2-3F5B-4D13-B931-0CA62F404D4C}.Release|Any CPU.Build.0 = Release|Any CPU
		{3BF22621-2E78-4F60-B7C9-7C61D1F440BA}.Debug|Any CPU.ActiveCfg = Debug|Any CPU
		{3BF22621-2E78-4F60-B7C9-7C61D1F440BA}.Debug|Any CPU.Build.0 = Debug|Any CPU
		{3BF22621-2E78-4F60-B7C9-7C61D1F440BA}.Release|Any CPU.ActiveCfg = Release|Any CPU
		{3BF22621-2E78-4F60-B7C9-7C61D1F440BA}.Release|Any CPU.Build.0 = Release|Any CPU
		{0A2FB856-D50C-463D-8218-063A36942188}.Debug|Any CPU.ActiveCfg = Debug|Any CPU
		{0A2FB856-D50C-463D-8218-063A36942188}.Debug|Any CPU.Build.0 = Debug|Any CPU
		{0A2FB856-D50C-463D-8218-063A36942188}.Release|Any CPU.ActiveCfg = Release|Any CPU
		{0A2FB856-D50C-463D-8218-063A36942188}.Release|Any CPU.Build.0 = Release|Any CPU
		{3CE5CCA6-0EAD-49EF-AB69-D1F17A9C6D43}.Debug|Any CPU.ActiveCfg = Debug|Any CPU
		{3CE5CCA6-0EAD-49EF-AB69-D1F17A9C6D43}.Debug|Any CPU.Build.0 = Debug|Any CPU
		{3CE5CCA6-0EAD-49EF-AB69-D1F17A9C6D43}.Release|Any CPU.ActiveCfg = Release|Any CPU
		{3CE5CCA6-0EAD-49EF-AB69-D1F17A9C6D43}.Release|Any CPU.Build.0 = Release|Any CPU
	EndGlobalSection
	GlobalSection(SolutionProperties) = preSolution
		HideSolutionNode = FALSE
	EndGlobalSection
	GlobalSection(NestedProjects) = preSolution
		{DDE02168-1EAD-41D9-B5E6-FB101F98AC24} = {78EDB72A-77B1-4A64-8E76-17E780993017}
		{B58E5262-0DEA-4096-8409-7B118711D8DF} = {2148B4AF-8B02-45C3-89E7-AEACAE448DDA}
		{F8DB9567-C559-440C-BBCF-E02013F9AB94} = {2148B4AF-8B02-45C3-89E7-AEACAE448DDA}
		{71D956E4-1AE6-4EF8-BC18-A195A68AFAB5} = {B58E5262-0DEA-4096-8409-7B118711D8DF}
		{C5F00673-1BDE-45A7-826B-C7E8F517398C} = {6F7A6A18-FF7B-4D3B-8B1F-BD525E065174}
		{8817A671-ABB8-463A-A8A3-DDCFE781A6B6} = {6F7A6A18-FF7B-4D3B-8B1F-BD525E065174}
		{F2ED1AC0-2F78-4506-ADFD-0BC88A6C616D} = {B58E5262-0DEA-4096-8409-7B118711D8DF}
		{BEBE131A-C931-4C2C-9F9E-ED0D0B75DF26} = {2148B4AF-8B02-45C3-89E7-AEACAE448DDA}
		{19A61D68-0ECA-4093-AEE5-370BC3CE777C} = {F4178F51-3BFF-46DE-841D-C01D4ABA9B0C}
		{E28E0880-03AA-4D1B-A820-41B04E766019} = {2148B4AF-8B02-45C3-89E7-AEACAE448DDA}
		{81DDD889-3223-4F24-8B65-DD5C57886994} = {B58E5262-0DEA-4096-8409-7B118711D8DF}
		{7F4DED4E-5933-4229-B9CC-51DA49678904} = {F4178F51-3BFF-46DE-841D-C01D4ABA9B0C}
		{F0ACCB28-AE0D-4E19-94FA-7BE3044F1EEB} = {F4178F51-3BFF-46DE-841D-C01D4ABA9B0C}
		{F7C29437-0923-449C-B4E9-36653A55C3E5} = {19A61D68-0ECA-4093-AEE5-370BC3CE777C}
		{ED278519-D497-47AE-8EB1-5826904AF6B1} = {19A61D68-0ECA-4093-AEE5-370BC3CE777C}
		{90E262B4-C902-468B-9FCA-0D694B0BBF76} = {78EDB72A-77B1-4A64-8E76-17E780993017}
		{DD1A7EC2-FF25-4D35-9D0A-5BB626E61D17} = {069B930C-EF5B-4943-AA82-0F56C33CF3DD}
		{591B6DB0-0D22-4E58-AA29-4EB10C0EAFFE} = {069B930C-EF5B-4943-AA82-0F56C33CF3DD}
		{D2EB89F9-321E-46E4-BA79-679138B82B23} = {F4178F51-3BFF-46DE-841D-C01D4ABA9B0C}
		{ECF931DE-F5F3-4752-AA1B-847F7ED414D1} = {19A61D68-0ECA-4093-AEE5-370BC3CE777C}
		{6D20785D-0451-46A9-9AC2-EC66B7C0D18A} = {AF01F501-9B19-4357-B8A7-4EFC782BF1AF}
		{352378A0-8B2E-4679-BB44-FD0BCC8467D9} = {AF01F501-9B19-4357-B8A7-4EFC782BF1AF}
		{05DB9E60-B12B-4AA3-8A7C-514F87CFF464} = {AF01F501-9B19-4357-B8A7-4EFC782BF1AF}
		{37D26B63-74FE-45C6-9F61-251BDF69EDF7} = {AF01F501-9B19-4357-B8A7-4EFC782BF1AF}
		{268DEFE0-D604-4888-BF69-57EBAE0FD7E7} = {AF01F501-9B19-4357-B8A7-4EFC782BF1AF}
		{2DC898B5-AFD9-47B2-A962-C4002C1AE8FF} = {AF01F501-9B19-4357-B8A7-4EFC782BF1AF}
		{2492AA3B-CF67-477A-B29E-14A1E348B939} = {F4178F51-3BFF-46DE-841D-C01D4ABA9B0C}
		{5D2A0688-95E3-400A-B789-49052389D2B1} = {F4178F51-3BFF-46DE-841D-C01D4ABA9B0C}
		{B260F419-0164-4660-8605-74BCA992E9DE} = {F4178F51-3BFF-46DE-841D-C01D4ABA9B0C}
		{2238851E-4DB8-46B0-B38D-0E2315FE153E} = {F4178F51-3BFF-46DE-841D-C01D4ABA9B0C}
		{45BE72F2-3F5B-4D13-B931-0CA62F404D4C} = {19A61D68-0ECA-4093-AEE5-370BC3CE777C}
		{3BF22621-2E78-4F60-B7C9-7C61D1F440BA} = {19A61D68-0ECA-4093-AEE5-370BC3CE777C}
		{0A2FB856-D50C-463D-8218-063A36942188} = {2148B4AF-8B02-45C3-89E7-AEACAE448DDA}
		{3CE5CCA6-0EAD-49EF-AB69-D1F17A9C6D43} = {F4178F51-3BFF-46DE-841D-C01D4ABA9B0C}
	EndGlobalSection
	GlobalSection(ExtensibilityGlobals) = postSolution
		SolutionGuid = {9388D93E-9AA9-40EE-A0C6-F096265079B2}
	EndGlobalSection
EndGlobal
