
Microsoft Visual Studio Solution File, Format Version 12.00
# Visual Studio 2013
VisualStudioVersion = 12.0.31101.0
MinimumVisualStudioVersion = 10.0.40219.1
Project("{FAE04EC0-301F-11D3-BF4B-00C04F79EFBC}") = "UANodeSetValidation", "UANodeSetValidation\UANodeSetValidation.csproj", "{352378A0-8B2E-4679-BB44-FD0BCC8467D9}"
EndProject
Project("{FAE04EC0-301F-11D3-BF4B-00C04F79EFBC}") = "UANodeSetValidationUnitTestProject", "USNodeSetValidationUnitTestProject\UANodeSetValidationUnitTestProject.csproj", "{2DC898B5-AFD9-47B2-A962-C4002C1AE8FF}"
EndProject
Project("{2150E333-8FDC-42A3-9474-1A3956D46DE8}") = ".nuget", ".nuget", "{796E1912-C302-4518-A34F-EFE2695F1E06}"
	ProjectSection(SolutionItems) = preProject
		.nuget\NuGet.Config = .nuget\NuGet.Config
		.nuget\NuGet.exe = .nuget\NuGet.exe
		.nuget\NuGet.targets = .nuget\NuGet.targets
	EndProjectSection
EndProject
Project("{FAE04EC0-301F-11D3-BF4B-00C04F79EFBC}") = "DataSerializationUnitTestProject", "DataSerializationUnitTestProject\DataSerializationUnitTestProject.csproj", "{268DEFE0-D604-4888-BF69-57EBAE0FD7E7}"
EndProject
Global
	GlobalSection(SolutionConfigurationPlatforms) = preSolution
		Debug|Any CPU = Debug|Any CPU
		Release|Any CPU = Release|Any CPU
	EndGlobalSection
	GlobalSection(ProjectConfigurationPlatforms) = postSolution
		{352378A0-8B2E-4679-BB44-FD0BCC8467D9}.Debug|Any CPU.ActiveCfg = Debug|Any CPU
		{352378A0-8B2E-4679-BB44-FD0BCC8467D9}.Debug|Any CPU.Build.0 = Debug|Any CPU
		{352378A0-8B2E-4679-BB44-FD0BCC8467D9}.Release|Any CPU.ActiveCfg = Release|Any CPU
		{352378A0-8B2E-4679-BB44-FD0BCC8467D9}.Release|Any CPU.Build.0 = Release|Any CPU
		{2DC898B5-AFD9-47B2-A962-C4002C1AE8FF}.Debug|Any CPU.ActiveCfg = Debug|Any CPU
		{2DC898B5-AFD9-47B2-A962-C4002C1AE8FF}.Debug|Any CPU.Build.0 = Debug|Any CPU
		{2DC898B5-AFD9-47B2-A962-C4002C1AE8FF}.Release|Any CPU.ActiveCfg = Release|Any CPU
		{2DC898B5-AFD9-47B2-A962-C4002C1AE8FF}.Release|Any CPU.Build.0 = Release|Any CPU
		{268DEFE0-D604-4888-BF69-57EBAE0FD7E7}.Debug|Any CPU.ActiveCfg = Debug|Any CPU
		{268DEFE0-D604-4888-BF69-57EBAE0FD7E7}.Debug|Any CPU.Build.0 = Debug|Any CPU
		{268DEFE0-D604-4888-BF69-57EBAE0FD7E7}.Release|Any CPU.ActiveCfg = Release|Any CPU
		{268DEFE0-D604-4888-BF69-57EBAE0FD7E7}.Release|Any CPU.Build.0 = Release|Any CPU
	EndGlobalSection
	GlobalSection(SolutionProperties) = preSolution
		HideSolutionNode = FALSE
	EndGlobalSection
EndGlobal
