
Microsoft Visual Studio Solution File, Format Version 12.00
# Visual Studio 14
VisualStudioVersion = 14.0.24720.0
MinimumVisualStudioVersion = 10.0.40219.1
Project("{FAE04EC0-301F-11D3-BF4B-00C04F79EFBC}") = "UANodeSetValidation", "UANodeSetValidation\UANodeSetValidation.csproj", "{352378A0-8B2E-4679-BB44-FD0BCC8467D9}"
EndProject
Project("{FAE04EC0-301F-11D3-BF4B-00C04F79EFBC}") = "UANodeSetValidationUnitTestProject", "USNodeSetValidationUnitTestProject\UANodeSetValidationUnitTestProject.csproj", "{2DC898B5-AFD9-47B2-A962-C4002C1AE8FF}"
EndProject
Project("{2150E333-8FDC-42A3-9474-1A3956D46DE8}") = ".nuget", ".nuget", "{796E1912-C302-4518-A34F-EFE2695F1E06}"
	ProjectSection(SolutionItems) = preProject
		.nuget\NuGet.Config = .nuget\NuGet.Config
		.nuget\NuGet.exe = .nuget\NuGet.exe
		.nuget\NuGet.targets = .nuget\NuGet.targets
	EndProjectSection
EndProject
Project("{FAE04EC0-301F-11D3-BF4B-00C04F79EFBC}") = "DataSerializationUnitTestProject", "DataSerializationUnitTestProject\DataSerializationUnitTestProject.csproj", "{268DEFE0-D604-4888-BF69-57EBAE0FD7E7}"
EndProject
Project("{2150E333-8FDC-42A3-9474-1A3956D46DE8}") = "Solution Items", "Solution Items", "{78EDB72A-77B1-4A64-8E76-17E780993017}"
	ProjectSection(SolutionItems) = preProject
		TestResults\PubSub_Tests\2015_12_21_PubSubDemo_Draft_0_10\2015_12_21_PubSubDemo_Draft_0_10\pubsubconfig.ini = TestResults\PubSub_Tests\2015_12_21_PubSubDemo_Draft_0_10\2015_12_21_PubSubDemo_Draft_0_10\pubsubconfig.ini
		README.MD = README.MD
		Readme.SemanticDataDeplyment.MD = Readme.SemanticDataDeplyment.MD
		UANetworkingReferenceApplication\bin\Debug\UANetworkingReferenceApplication.log = UANetworkingReferenceApplication\bin\Debug\UANetworkingReferenceApplication.log
	EndProjectSection
EndProject
Project("{FAE04EC0-301F-11D3-BF4B-00C04F79EFBC}") = "InformationModelFactory", "InformationModelFactory\InformationModelFactory.csproj", "{6D20785D-0451-46A9-9AC2-EC66B7C0D18A}"
EndProject
Project("{FAE04EC0-301F-11D3-BF4B-00C04F79EFBC}") = "UAUserInterfaceTypeEditors", "OPCUAUserInterfaceTypeEditors\UAUserInterfaceTypeEditors.csproj", "{E66D4EB1-B0F5-48CA-A811-ACAF59C35004}"
EndProject
Project("{FAE04EC0-301F-11D3-BF4B-00C04F79EFBC}") = "AddressSpaceComplianceTestTool", "AddressSpaceComplianceTestTool\AddressSpaceComplianceTestTool.csproj", "{05DB9E60-B12B-4AA3-8A7C-514F87CFF464}"
EndProject
Project("{2150E333-8FDC-42A3-9474-1A3956D46DE8}") = "Tests", "Tests", "{9E44C9DB-40BC-4FAF-9572-7AA330B467A6}"
EndProject
Project("{FAE04EC0-301F-11D3-BF4B-00C04F79EFBC}") = "AddressSpaceComplianceTestToolUnitTests", "Tests\AddressSpaceComplianceTestToolUnitTests\AddressSpaceComplianceTestToolUnitTests.csproj", "{37D26B63-74FE-45C6-9F61-251BDF69EDF7}"
EndProject
Project("{FAE04EC0-301F-11D3-BF4B-00C04F79EFBC}") = "T4Definitions", "..\CommonResources\T4Definitions\T4Definitions.csproj", "{DDE02168-1EAD-41D9-B5E6-FB101F98AC24}"
EndProject
Project("{FAE04EC0-301F-11D3-BF4B-00C04F79EFBC}") = "DataManagement", "DataManagement\DataManagement.csproj", "{7F4DED4E-5933-4229-B9CC-51DA49678904}"
EndProject
Project("{FAE04EC0-301F-11D3-BF4B-00C04F79EFBC}") = "DataManagementUnitTest", "Tests\DataManagementUnitTest\DataManagementUnitTest.csproj", "{F7C29437-0923-449C-B4E9-36653A55C3E5}"
EndProject
Project("{FAE04EC0-301F-11D3-BF4B-00C04F79EFBC}") = "UANetworkingReferenceApplication", "UANetworkingReferenceApplication\UANetworkingReferenceApplication.csproj", "{F0ACCB28-AE0D-4E19-94FA-7BE3044F1EEB}"
EndProject
Project("{2150E333-8FDC-42A3-9474-1A3956D46DE8}") = "Architecture", "Architecture", "{D538BF73-285D-4E99-835B-6CD7AE870163}"
EndProject
Project("{F088123C-0E9E-452A-89E6-6BA2F21D5CAC}") = "UANetworkingArchitecture", "Architecture\ModelingProject\UANetworkingArchitecture\UANetworkingArchitecture.modelproj", "{90E262B4-C902-468B-9FCA-0D694B0BBF76}"
EndProject
Project("{FAE04EC0-301F-11D3-BF4B-00C04F79EFBC}") = "UANetworkingConfiguration", "UANetworkingConfiguration\UANetworkingConfiguration.csproj", "{E28E0880-03AA-4D1B-A820-41B04E766019}"
EndProject
Project("{FAE04EC0-301F-11D3-BF4B-00C04F79EFBC}") = "UANetworkingConfigurationUnitTest", "Tests\UANetworkingConfigurationUnitTest\UANetworkingConfigurationUnitTest.csproj", "{81DDD889-3223-4F24-8B65-DD5C57886994}"
EndProject
Project("{2150E333-8FDC-42A3-9474-1A3956D46DE8}") = "DataBinding Temporal", "DataBinding Temporal", "{268A2C74-96BC-4FA9-8602-8C3F1B51C79E}"
EndProject
Project("{FAE04EC0-301F-11D3-BF4B-00C04F79EFBC}") = "DataBindings", "..\DataBindingsSolution\DataBindings\DataBindings.csproj", "{F8DB9567-C559-440C-BBCF-E02013F9AB94}"
EndProject
Project("{FAE04EC0-301F-11D3-BF4B-00C04F79EFBC}") = "DataBindingsUnitTest", "..\DataBindingsSolution\UnitTests\DataBindingsUnitTest\DataBindingsUnitTest.csproj", "{71D956E4-1AE6-4EF8-BC18-A195A68AFAB5}"
EndProject
Project("{FAE04EC0-301F-11D3-BF4B-00C04F79EFBC}") = "UANetworkingReferenceApplicationUnitTest", "Tests\UANetworkingReferenceApplicationUnitTest\UANetworkingReferenceApplicationUnitTest.csproj", "{ED278519-D497-47AE-8EB1-5826904AF6B1}"
EndProject
Global
	GlobalSection(SolutionConfigurationPlatforms) = preSolution
		Debug|Any CPU = Debug|Any CPU
		Release|Any CPU = Release|Any CPU
	EndGlobalSection
	GlobalSection(ProjectConfigurationPlatforms) = postSolution
		{352378A0-8B2E-4679-BB44-FD0BCC8467D9}.Debug|Any CPU.ActiveCfg = Debug|Any CPU
		{352378A0-8B2E-4679-BB44-FD0BCC8467D9}.Debug|Any CPU.Build.0 = Debug|Any CPU
		{352378A0-8B2E-4679-BB44-FD0BCC8467D9}.Release|Any CPU.ActiveCfg = Release|Any CPU
		{352378A0-8B2E-4679-BB44-FD0BCC8467D9}.Release|Any CPU.Build.0 = Release|Any CPU
		{2DC898B5-AFD9-47B2-A962-C4002C1AE8FF}.Debug|Any CPU.ActiveCfg = Debug|Any CPU
		{2DC898B5-AFD9-47B2-A962-C4002C1AE8FF}.Debug|Any CPU.Build.0 = Debug|Any CPU
		{2DC898B5-AFD9-47B2-A962-C4002C1AE8FF}.Release|Any CPU.ActiveCfg = Release|Any CPU
		{2DC898B5-AFD9-47B2-A962-C4002C1AE8FF}.Release|Any CPU.Build.0 = Release|Any CPU
		{268DEFE0-D604-4888-BF69-57EBAE0FD7E7}.Debug|Any CPU.ActiveCfg = Debug|Any CPU
		{268DEFE0-D604-4888-BF69-57EBAE0FD7E7}.Debug|Any CPU.Build.0 = Debug|Any CPU
		{268DEFE0-D604-4888-BF69-57EBAE0FD7E7}.Release|Any CPU.ActiveCfg = Release|Any CPU
		{268DEFE0-D604-4888-BF69-57EBAE0FD7E7}.Release|Any CPU.Build.0 = Release|Any CPU
		{6D20785D-0451-46A9-9AC2-EC66B7C0D18A}.Debug|Any CPU.ActiveCfg = Debug|Any CPU
		{6D20785D-0451-46A9-9AC2-EC66B7C0D18A}.Debug|Any CPU.Build.0 = Debug|Any CPU
		{6D20785D-0451-46A9-9AC2-EC66B7C0D18A}.Release|Any CPU.ActiveCfg = Release|Any CPU
		{6D20785D-0451-46A9-9AC2-EC66B7C0D18A}.Release|Any CPU.Build.0 = Release|Any CPU
		{E66D4EB1-B0F5-48CA-A811-ACAF59C35004}.Debug|Any CPU.ActiveCfg = Debug|Any CPU
		{E66D4EB1-B0F5-48CA-A811-ACAF59C35004}.Debug|Any CPU.Build.0 = Debug|Any CPU
		{E66D4EB1-B0F5-48CA-A811-ACAF59C35004}.Release|Any CPU.ActiveCfg = Release|Any CPU
		{E66D4EB1-B0F5-48CA-A811-ACAF59C35004}.Release|Any CPU.Build.0 = Release|Any CPU
		{05DB9E60-B12B-4AA3-8A7C-514F87CFF464}.Debug|Any CPU.ActiveCfg = Debug|Any CPU
		{05DB9E60-B12B-4AA3-8A7C-514F87CFF464}.Debug|Any CPU.Build.0 = Debug|Any CPU
		{05DB9E60-B12B-4AA3-8A7C-514F87CFF464}.Release|Any CPU.ActiveCfg = Release|Any CPU
		{05DB9E60-B12B-4AA3-8A7C-514F87CFF464}.Release|Any CPU.Build.0 = Release|Any CPU
		{37D26B63-74FE-45C6-9F61-251BDF69EDF7}.Debug|Any CPU.ActiveCfg = Debug|Any CPU
		{37D26B63-74FE-45C6-9F61-251BDF69EDF7}.Debug|Any CPU.Build.0 = Debug|Any CPU
		{37D26B63-74FE-45C6-9F61-251BDF69EDF7}.Release|Any CPU.ActiveCfg = Release|Any CPU
		{37D26B63-74FE-45C6-9F61-251BDF69EDF7}.Release|Any CPU.Build.0 = Release|Any CPU
		{DDE02168-1EAD-41D9-B5E6-FB101F98AC24}.Debug|Any CPU.ActiveCfg = Debug|Any CPU
		{DDE02168-1EAD-41D9-B5E6-FB101F98AC24}.Debug|Any CPU.Build.0 = Debug|Any CPU
		{DDE02168-1EAD-41D9-B5E6-FB101F98AC24}.Release|Any CPU.ActiveCfg = Release|Any CPU
		{DDE02168-1EAD-41D9-B5E6-FB101F98AC24}.Release|Any CPU.Build.0 = Release|Any CPU
		{7F4DED4E-5933-4229-B9CC-51DA49678904}.Debug|Any CPU.ActiveCfg = Debug|Any CPU
		{7F4DED4E-5933-4229-B9CC-51DA49678904}.Debug|Any CPU.Build.0 = Debug|Any CPU
		{7F4DED4E-5933-4229-B9CC-51DA49678904}.Release|Any CPU.ActiveCfg = Release|Any CPU
		{7F4DED4E-5933-4229-B9CC-51DA49678904}.Release|Any CPU.Build.0 = Release|Any CPU
		{F7C29437-0923-449C-B4E9-36653A55C3E5}.Debug|Any CPU.ActiveCfg = Debug|Any CPU
		{F7C29437-0923-449C-B4E9-36653A55C3E5}.Debug|Any CPU.Build.0 = Debug|Any CPU
		{F7C29437-0923-449C-B4E9-36653A55C3E5}.Release|Any CPU.ActiveCfg = Release|Any CPU
		{F7C29437-0923-449C-B4E9-36653A55C3E5}.Release|Any CPU.Build.0 = Release|Any CPU
		{F0ACCB28-AE0D-4E19-94FA-7BE3044F1EEB}.Debug|Any CPU.ActiveCfg = Debug|Any CPU
		{F0ACCB28-AE0D-4E19-94FA-7BE3044F1EEB}.Debug|Any CPU.Build.0 = Debug|Any CPU
		{F0ACCB28-AE0D-4E19-94FA-7BE3044F1EEB}.Release|Any CPU.ActiveCfg = Release|Any CPU
		{F0ACCB28-AE0D-4E19-94FA-7BE3044F1EEB}.Release|Any CPU.Build.0 = Release|Any CPU
		{90E262B4-C902-468B-9FCA-0D694B0BBF76}.Debug|Any CPU.ActiveCfg = Debug|Any CPU
		{90E262B4-C902-468B-9FCA-0D694B0BBF76}.Debug|Any CPU.Build.0 = Debug|Any CPU
		{90E262B4-C902-468B-9FCA-0D694B0BBF76}.Release|Any CPU.ActiveCfg = Release|Any CPU
		{90E262B4-C902-468B-9FCA-0D694B0BBF76}.Release|Any CPU.Build.0 = Release|Any CPU
		{E28E0880-03AA-4D1B-A820-41B04E766019}.Debug|Any CPU.ActiveCfg = Debug|Any CPU
		{E28E0880-03AA-4D1B-A820-41B04E766019}.Debug|Any CPU.Build.0 = Debug|Any CPU
		{E28E0880-03AA-4D1B-A820-41B04E766019}.Release|Any CPU.ActiveCfg = Release|Any CPU
		{E28E0880-03AA-4D1B-A820-41B04E766019}.Release|Any CPU.Build.0 = Release|Any CPU
		{81DDD889-3223-4F24-8B65-DD5C57886994}.Debug|Any CPU.ActiveCfg = Debug|Any CPU
		{81DDD889-3223-4F24-8B65-DD5C57886994}.Debug|Any CPU.Build.0 = Debug|Any CPU
		{81DDD889-3223-4F24-8B65-DD5C57886994}.Release|Any CPU.ActiveCfg = Release|Any CPU
		{81DDD889-3223-4F24-8B65-DD5C57886994}.Release|Any CPU.Build.0 = Release|Any CPU
		{F8DB9567-C559-440C-BBCF-E02013F9AB94}.Debug|Any CPU.ActiveCfg = Debug|Any CPU
		{F8DB9567-C559-440C-BBCF-E02013F9AB94}.Debug|Any CPU.Build.0 = Debug|Any CPU
		{F8DB9567-C559-440C-BBCF-E02013F9AB94}.Release|Any CPU.ActiveCfg = Release|Any CPU
		{F8DB9567-C559-440C-BBCF-E02013F9AB94}.Release|Any CPU.Build.0 = Release|Any CPU
		{71D956E4-1AE6-4EF8-BC18-A195A68AFAB5}.Debug|Any CPU.ActiveCfg = Debug|Any CPU
		{71D956E4-1AE6-4EF8-BC18-A195A68AFAB5}.Debug|Any CPU.Build.0 = Debug|Any CPU
		{71D956E4-1AE6-4EF8-BC18-A195A68AFAB5}.Release|Any CPU.ActiveCfg = Release|Any CPU
		{71D956E4-1AE6-4EF8-BC18-A195A68AFAB5}.Release|Any CPU.Build.0 = Release|Any CPU
		{ED278519-D497-47AE-8EB1-5826904AF6B1}.Debug|Any CPU.ActiveCfg = Debug|Any CPU
		{ED278519-D497-47AE-8EB1-5826904AF6B1}.Debug|Any CPU.Build.0 = Debug|Any CPU
		{ED278519-D497-47AE-8EB1-5826904AF6B1}.Release|Any CPU.ActiveCfg = Release|Any CPU
		{ED278519-D497-47AE-8EB1-5826904AF6B1}.Release|Any CPU.Build.0 = Release|Any CPU
	EndGlobalSection
	GlobalSection(SolutionProperties) = preSolution
		HideSolutionNode = FALSE
	EndGlobalSection
	GlobalSection(NestedProjects) = preSolution
		{2DC898B5-AFD9-47B2-A962-C4002C1AE8FF} = {9E44C9DB-40BC-4FAF-9572-7AA330B467A6}
		{268DEFE0-D604-4888-BF69-57EBAE0FD7E7} = {9E44C9DB-40BC-4FAF-9572-7AA330B467A6}
		{37D26B63-74FE-45C6-9F61-251BDF69EDF7} = {9E44C9DB-40BC-4FAF-9572-7AA330B467A6}
		{DDE02168-1EAD-41D9-B5E6-FB101F98AC24} = {78EDB72A-77B1-4A64-8E76-17E780993017}
		{F7C29437-0923-449C-B4E9-36653A55C3E5} = {9E44C9DB-40BC-4FAF-9572-7AA330B467A6}
		{90E262B4-C902-468B-9FCA-0D694B0BBF76} = {D538BF73-285D-4E99-835B-6CD7AE870163}
		{81DDD889-3223-4F24-8B65-DD5C57886994} = {9E44C9DB-40BC-4FAF-9572-7AA330B467A6}
		{F8DB9567-C559-440C-BBCF-E02013F9AB94} = {268A2C74-96BC-4FA9-8602-8C3F1B51C79E}
		{71D956E4-1AE6-4EF8-BC18-A195A68AFAB5} = {268A2C74-96BC-4FA9-8602-8C3F1B51C79E}
		{ED278519-D497-47AE-8EB1-5826904AF6B1} = {9E44C9DB-40BC-4FAF-9572-7AA330B467A6}
	EndGlobalSection
EndGlobal
